
Microsoft Visual Studio Solution File, Format Version 12.00
# Visual Studio Version 17
VisualStudioVersion = 17.5.002.0
MinimumVisualStudioVersion = 10.0.40219.1
Project("{9A19103F-16F7-4668-BE54-9A1E7A4F7556}") = "28_FindTheIndexOfTheFirstOccurenceInAString", "28_FindTheIndexOfTheFirstOccurenceInAString.csproj", "{87FC7BF9-82E8-4906-B34D-D042CDCA8900}"
EndProject
Global
	GlobalSection(SolutionConfigurationPlatforms) = preSolution
		Debug|Any CPU = Debug|Any CPU
		Release|Any CPU = Release|Any CPU
	EndGlobalSection
	GlobalSection(ProjectConfigurationPlatforms) = postSolution
		{87FC7BF9-82E8-4906-B34D-D042CDCA8900}.Debug|Any CPU.ActiveCfg = Debug|Any CPU
		{87FC7BF9-82E8-4906-B34D-D042CDCA8900}.Debug|Any CPU.Build.0 = Debug|Any CPU
		{87FC7BF9-82E8-4906-B34D-D042CDCA8900}.Release|Any CPU.ActiveCfg = Release|Any CPU
		{87FC7BF9-82E8-4906-B34D-D042CDCA8900}.Release|Any CPU.Build.0 = Release|Any CPU
	EndGlobalSection
	GlobalSection(SolutionProperties) = preSolution
		HideSolutionNode = FALSE
	EndGlobalSection
	GlobalSection(ExtensibilityGlobals) = postSolution
		SolutionGuid = {91492E5F-7907-4D2C-86A6-8C78A1EEEBBB}
	EndGlobalSection
EndGlobal
